// !$*UTF8*$!
{
	archiveVersion = 1;
	classes = {
	};
	objectVersion = 51;
	objects = {

/* Begin PBXBuildFile section */
		3C501518228FC4EF3AE833AA /* Pods_atlas.framework in Frameworks */ = {isa = PBXBuildFile; fileRef = 6ED36A01B864A3A35E78071B /* Pods_atlas.framework */; };
		653FF83524A97E42008855CD /* AppDelegate.swift in Sources */ = {isa = PBXBuildFile; fileRef = 653FF83424A97E42008855CD /* AppDelegate.swift */; };
		653FF83724A97E42008855CD /* SceneDelegate.swift in Sources */ = {isa = PBXBuildFile; fileRef = 653FF83624A97E42008855CD /* SceneDelegate.swift */; };
		653FF83924A97E42008855CD /* ContentView.swift in Sources */ = {isa = PBXBuildFile; fileRef = 653FF83824A97E42008855CD /* ContentView.swift */; };
		653FF83B24A97E44008855CD /* Assets.xcassets in Resources */ = {isa = PBXBuildFile; fileRef = 653FF83A24A97E44008855CD /* Assets.xcassets */; };
		653FF83E24A97E44008855CD /* Preview Assets.xcassets in Resources */ = {isa = PBXBuildFile; fileRef = 653FF83D24A97E44008855CD /* Preview Assets.xcassets */; };
		653FF84124A97E44008855CD /* LaunchScreen.storyboard in Resources */ = {isa = PBXBuildFile; fileRef = 653FF83F24A97E44008855CD /* LaunchScreen.storyboard */; };
		653FF84C24A97E44008855CD /* atlasTests.swift in Sources */ = {isa = PBXBuildFile; fileRef = 653FF84B24A97E44008855CD /* atlasTests.swift */; };
		653FF85724A97E44008855CD /* atlasUITests.swift in Sources */ = {isa = PBXBuildFile; fileRef = 653FF85624A97E44008855CD /* atlasUITests.swift */; };
		BE031A1B25043ADB00DB3C5F /* libsqlite3.tbd in Frameworks */ = {isa = PBXBuildFile; fileRef = BE031A1A25043AC400DB3C5F /* libsqlite3.tbd */; };
		BE27ABA4250692E200F4D63B /* MapView.swift in Sources */ = {isa = PBXBuildFile; fileRef = BE27ABA3250692E200F4D63B /* MapView.swift */; };
		BE7A35EC254F9E1B00A5F609 /* common in Resources */ = {isa = PBXBuildFile; fileRef = BE7A35EB254F9E1B00A5F609 /* common */; };
		BE7A35F1254F9E2700A5F609 /* mapbox in Resources */ = {isa = PBXBuildFile; fileRef = BE7A35F0254F9E2700A5F609 /* mapbox */; };
		D5AD20D74FAF45E172BD9677 /* Pods_atlas_atlasUITests.framework in Frameworks */ = {isa = PBXBuildFile; fileRef = 6622B45580CCDC73B5FB313D /* Pods_atlas_atlasUITests.framework */; };
		EB41DDF55A8C9127A5D8EE85 /* Pods_atlasTests.framework in Frameworks */ = {isa = PBXBuildFile; fileRef = E25BC53179B9C2066469C891 /* Pods_atlasTests.framework */; };
/* End PBXBuildFile section */

/* Begin PBXContainerItemProxy section */
		653FF84824A97E44008855CD /* PBXContainerItemProxy */ = {
			isa = PBXContainerItemProxy;
			containerPortal = 653FF82924A97E42008855CD /* Project object */;
			proxyType = 1;
			remoteGlobalIDString = 653FF83024A97E42008855CD;
			remoteInfo = atlas;
		};
		653FF85324A97E44008855CD /* PBXContainerItemProxy */ = {
			isa = PBXContainerItemProxy;
			containerPortal = 653FF82924A97E42008855CD /* Project object */;
			proxyType = 1;
			remoteGlobalIDString = 653FF83024A97E42008855CD;
			remoteInfo = atlas;
		};
/* End PBXContainerItemProxy section */

/* Begin PBXFileReference section */
		18FC94EF0DC3459B106397D3 /* Pods-atlasTests.debug.xcconfig */ = {isa = PBXFileReference; includeInIndex = 1; lastKnownFileType = text.xcconfig; name = "Pods-atlasTests.debug.xcconfig"; path = "Target Support Files/Pods-atlasTests/Pods-atlasTests.debug.xcconfig"; sourceTree = "<group>"; };
		376F03BD03092B9E19E8E240 /* Pods-atlasTests.release.xcconfig */ = {isa = PBXFileReference; includeInIndex = 1; lastKnownFileType = text.xcconfig; name = "Pods-atlasTests.release.xcconfig"; path = "Target Support Files/Pods-atlasTests/Pods-atlasTests.release.xcconfig"; sourceTree = "<group>"; };
		653FF83124A97E42008855CD /* atlas.app */ = {isa = PBXFileReference; explicitFileType = wrapper.application; includeInIndex = 0; path = atlas.app; sourceTree = BUILT_PRODUCTS_DIR; };
		653FF83424A97E42008855CD /* AppDelegate.swift */ = {isa = PBXFileReference; lastKnownFileType = sourcecode.swift; path = AppDelegate.swift; sourceTree = "<group>"; };
		653FF83624A97E42008855CD /* SceneDelegate.swift */ = {isa = PBXFileReference; lastKnownFileType = sourcecode.swift; path = SceneDelegate.swift; sourceTree = "<group>"; };
		653FF83824A97E42008855CD /* ContentView.swift */ = {isa = PBXFileReference; lastKnownFileType = sourcecode.swift; path = ContentView.swift; sourceTree = "<group>"; };
		653FF83A24A97E44008855CD /* Assets.xcassets */ = {isa = PBXFileReference; lastKnownFileType = folder.assetcatalog; path = Assets.xcassets; sourceTree = "<group>"; };
		653FF83D24A97E44008855CD /* Preview Assets.xcassets */ = {isa = PBXFileReference; lastKnownFileType = folder.assetcatalog; path = "Preview Assets.xcassets"; sourceTree = "<group>"; };
		653FF84024A97E44008855CD /* Base */ = {isa = PBXFileReference; lastKnownFileType = file.storyboard; name = Base; path = Base.lproj/LaunchScreen.storyboard; sourceTree = "<group>"; };
		653FF84224A97E44008855CD /* Info.plist */ = {isa = PBXFileReference; lastKnownFileType = text.plist.xml; path = Info.plist; sourceTree = "<group>"; };
		653FF84724A97E44008855CD /* atlasTests.xctest */ = {isa = PBXFileReference; explicitFileType = wrapper.cfbundle; includeInIndex = 0; path = atlasTests.xctest; sourceTree = BUILT_PRODUCTS_DIR; };
		653FF84B24A97E44008855CD /* atlasTests.swift */ = {isa = PBXFileReference; lastKnownFileType = sourcecode.swift; path = atlasTests.swift; sourceTree = "<group>"; };
		653FF84D24A97E44008855CD /* Info.plist */ = {isa = PBXFileReference; lastKnownFileType = text.plist.xml; path = Info.plist; sourceTree = "<group>"; };
		653FF85224A97E44008855CD /* atlasUITests.xctest */ = {isa = PBXFileReference; explicitFileType = wrapper.cfbundle; includeInIndex = 0; path = atlasUITests.xctest; sourceTree = BUILT_PRODUCTS_DIR; };
		653FF85624A97E44008855CD /* atlasUITests.swift */ = {isa = PBXFileReference; lastKnownFileType = sourcecode.swift; path = atlasUITests.swift; sourceTree = "<group>"; };
		653FF85824A97E44008855CD /* Info.plist */ = {isa = PBXFileReference; lastKnownFileType = text.plist.xml; path = Info.plist; sourceTree = "<group>"; };
		653FF86424A9943F008855CD /* Common.framework */ = {isa = PBXFileReference; lastKnownFileType = wrapper.framework; name = Common.framework; path = "../common/build/xcode-frameworks/Common.framework"; sourceTree = "<group>"; };
		6622B45580CCDC73B5FB313D /* Pods_atlas_atlasUITests.framework */ = {isa = PBXFileReference; explicitFileType = wrapper.framework; includeInIndex = 0; path = Pods_atlas_atlasUITests.framework; sourceTree = BUILT_PRODUCTS_DIR; };
		6ED36A01B864A3A35E78071B /* Pods_atlas.framework */ = {isa = PBXFileReference; explicitFileType = wrapper.framework; includeInIndex = 0; path = Pods_atlas.framework; sourceTree = BUILT_PRODUCTS_DIR; };
		9D174C605E6268E6560427A4 /* Pods-atlas.release.xcconfig */ = {isa = PBXFileReference; includeInIndex = 1; lastKnownFileType = text.xcconfig; name = "Pods-atlas.release.xcconfig"; path = "Target Support Files/Pods-atlas/Pods-atlas.release.xcconfig"; sourceTree = "<group>"; };
		B6C9766A60E0E2F16A558C07 /* Pods-atlas-atlasUITests.debug.xcconfig */ = {isa = PBXFileReference; includeInIndex = 1; lastKnownFileType = text.xcconfig; name = "Pods-atlas-atlasUITests.debug.xcconfig"; path = "Target Support Files/Pods-atlas-atlasUITests/Pods-atlas-atlasUITests.debug.xcconfig"; sourceTree = "<group>"; };
		BCCD224271681829C4DA6551 /* Pods-atlas-atlasUITests.release.xcconfig */ = {isa = PBXFileReference; includeInIndex = 1; lastKnownFileType = text.xcconfig; name = "Pods-atlas-atlasUITests.release.xcconfig"; path = "Target Support Files/Pods-atlas-atlasUITests/Pods-atlas-atlasUITests.release.xcconfig"; sourceTree = "<group>"; };
		BE031A1A25043AC400DB3C5F /* libsqlite3.tbd */ = {isa = PBXFileReference; lastKnownFileType = "sourcecode.text-based-dylib-definition"; name = libsqlite3.tbd; path = usr/lib/libsqlite3.tbd; sourceTree = SDKROOT; };
		BE27ABA3250692E200F4D63B /* MapView.swift */ = {isa = PBXFileReference; lastKnownFileType = sourcecode.swift; path = MapView.swift; sourceTree = "<group>"; };
		BE7A35EB254F9E1B00A5F609 /* common */ = {isa = PBXFileReference; lastKnownFileType = folder; name = common; path = ../common; sourceTree = "<group>"; };
		BE7A35F0254F9E2700A5F609 /* mapbox */ = {isa = PBXFileReference; lastKnownFileType = folder; name = mapbox; path = ../mapbox; sourceTree = "<group>"; };
		E25BC53179B9C2066469C891 /* Pods_atlasTests.framework */ = {isa = PBXFileReference; explicitFileType = wrapper.framework; includeInIndex = 0; path = Pods_atlasTests.framework; sourceTree = BUILT_PRODUCTS_DIR; };
		E83BD93F2A9F2B80DF4FB90F /* Pods-atlas.debug.xcconfig */ = {isa = PBXFileReference; includeInIndex = 1; lastKnownFileType = text.xcconfig; name = "Pods-atlas.debug.xcconfig"; path = "Target Support Files/Pods-atlas/Pods-atlas.debug.xcconfig"; sourceTree = "<group>"; };
/* End PBXFileReference section */

/* Begin PBXFrameworksBuildPhase section */
		653FF82E24A97E42008855CD /* Frameworks */ = {
			isa = PBXFrameworksBuildPhase;
			buildActionMask = 2147483647;
			files = (
				BE031A1B25043ADB00DB3C5F /* libsqlite3.tbd in Frameworks */,
				3C501518228FC4EF3AE833AA /* Pods_atlas.framework in Frameworks */,
			);
			runOnlyForDeploymentPostprocessing = 0;
		};
		653FF84424A97E44008855CD /* Frameworks */ = {
			isa = PBXFrameworksBuildPhase;
			buildActionMask = 2147483647;
			files = (
				EB41DDF55A8C9127A5D8EE85 /* Pods_atlasTests.framework in Frameworks */,
			);
			runOnlyForDeploymentPostprocessing = 0;
		};
		653FF84F24A97E44008855CD /* Frameworks */ = {
			isa = PBXFrameworksBuildPhase;
			buildActionMask = 2147483647;
			files = (
				D5AD20D74FAF45E172BD9677 /* Pods_atlas_atlasUITests.framework in Frameworks */,
			);
			runOnlyForDeploymentPostprocessing = 0;
		};
/* End PBXFrameworksBuildPhase section */

/* Begin PBXGroup section */
		653FF82824A97E42008855CD = {
			isa = PBXGroup;
			children = (
				BE7A35F0254F9E2700A5F609 /* mapbox */,
				BE7A35EB254F9E1B00A5F609 /* common */,
				653FF83324A97E42008855CD /* atlas */,
				653FF84A24A97E44008855CD /* atlasTests */,
				653FF85524A97E44008855CD /* atlasUITests */,
				653FF83224A97E42008855CD /* Products */,
				7C1FE2A515EC51EACE4BD6E6 /* Pods */,
				6DEF913CDA99784F563E6401 /* Frameworks */,
			);
			sourceTree = "<group>";
		};
		653FF83224A97E42008855CD /* Products */ = {
			isa = PBXGroup;
			children = (
				653FF83124A97E42008855CD /* atlas.app */,
				653FF84724A97E44008855CD /* atlasTests.xctest */,
				653FF85224A97E44008855CD /* atlasUITests.xctest */,
			);
			name = Products;
			sourceTree = "<group>";
		};
		653FF83324A97E42008855CD /* atlas */ = {
			isa = PBXGroup;
			children = (
				653FF83424A97E42008855CD /* AppDelegate.swift */,
				BE27ABA3250692E200F4D63B /* MapView.swift */,
				653FF83624A97E42008855CD /* SceneDelegate.swift */,
				653FF83824A97E42008855CD /* ContentView.swift */,
				653FF83A24A97E44008855CD /* Assets.xcassets */,
				653FF83F24A97E44008855CD /* LaunchScreen.storyboard */,
				653FF84224A97E44008855CD /* Info.plist */,
				653FF83C24A97E44008855CD /* Preview Content */,
			);
			path = atlas;
			sourceTree = "<group>";
		};
		653FF83C24A97E44008855CD /* Preview Content */ = {
			isa = PBXGroup;
			children = (
				653FF83D24A97E44008855CD /* Preview Assets.xcassets */,
			);
			path = "Preview Content";
			sourceTree = "<group>";
		};
		653FF84A24A97E44008855CD /* atlasTests */ = {
			isa = PBXGroup;
			children = (
				653FF84B24A97E44008855CD /* atlasTests.swift */,
				653FF84D24A97E44008855CD /* Info.plist */,
			);
			path = atlasTests;
			sourceTree = "<group>";
		};
		653FF85524A97E44008855CD /* atlasUITests */ = {
			isa = PBXGroup;
			children = (
				653FF85624A97E44008855CD /* atlasUITests.swift */,
				653FF85824A97E44008855CD /* Info.plist */,
			);
			path = atlasUITests;
			sourceTree = "<group>";
		};
		6DEF913CDA99784F563E6401 /* Frameworks */ = {
			isa = PBXGroup;
			children = (
				BE031A1A25043AC400DB3C5F /* libsqlite3.tbd */,
				653FF86424A9943F008855CD /* Common.framework */,
				6ED36A01B864A3A35E78071B /* Pods_atlas.framework */,
				6622B45580CCDC73B5FB313D /* Pods_atlas_atlasUITests.framework */,
				E25BC53179B9C2066469C891 /* Pods_atlasTests.framework */,
			);
			name = Frameworks;
			sourceTree = "<group>";
		};
		7C1FE2A515EC51EACE4BD6E6 /* Pods */ = {
			isa = PBXGroup;
			children = (
				E83BD93F2A9F2B80DF4FB90F /* Pods-atlas.debug.xcconfig */,
				9D174C605E6268E6560427A4 /* Pods-atlas.release.xcconfig */,
				B6C9766A60E0E2F16A558C07 /* Pods-atlas-atlasUITests.debug.xcconfig */,
				BCCD224271681829C4DA6551 /* Pods-atlas-atlasUITests.release.xcconfig */,
				18FC94EF0DC3459B106397D3 /* Pods-atlasTests.debug.xcconfig */,
				376F03BD03092B9E19E8E240 /* Pods-atlasTests.release.xcconfig */,
			);
			path = Pods;
			sourceTree = "<group>";
		};
/* End PBXGroup section */

/* Begin PBXNativeTarget section */
		653FF83024A97E42008855CD /* atlas */ = {
			isa = PBXNativeTarget;
			buildConfigurationList = 653FF85B24A97E44008855CD /* Build configuration list for PBXNativeTarget "atlas" */;
			buildPhases = (
				A9748F42B47E3EC0C9A76D89 /* [CP] Check Pods Manifest.lock */,
				653FF82D24A97E42008855CD /* Sources */,
				653FF82E24A97E42008855CD /* Frameworks */,
				653FF82F24A97E42008855CD /* Resources */,
				F68E6D6758452F9477D37C5D /* [CP] Embed Pods Frameworks */,
			);
			buildRules = (
			);
			dependencies = (
			);
			name = atlas;
			productName = atlas;
			productReference = 653FF83124A97E42008855CD /* atlas.app */;
			productType = "com.apple.product-type.application";
		};
		653FF84624A97E44008855CD /* atlasTests */ = {
			isa = PBXNativeTarget;
			buildConfigurationList = 653FF85E24A97E44008855CD /* Build configuration list for PBXNativeTarget "atlasTests" */;
			buildPhases = (
				2073199DA1307294CCDD01D4 /* [CP] Check Pods Manifest.lock */,
				653FF84324A97E44008855CD /* Sources */,
				653FF84424A97E44008855CD /* Frameworks */,
				653FF84524A97E44008855CD /* Resources */,
			);
			buildRules = (
			);
			dependencies = (
				653FF84924A97E44008855CD /* PBXTargetDependency */,
			);
			name = atlasTests;
			productName = atlasTests;
			productReference = 653FF84724A97E44008855CD /* atlasTests.xctest */;
			productType = "com.apple.product-type.bundle.unit-test";
		};
		653FF85124A97E44008855CD /* atlasUITests */ = {
			isa = PBXNativeTarget;
			buildConfigurationList = 653FF86124A97E44008855CD /* Build configuration list for PBXNativeTarget "atlasUITests" */;
			buildPhases = (
				4057EE7862A0485641E64A01 /* [CP] Check Pods Manifest.lock */,
				653FF84E24A97E44008855CD /* Sources */,
				653FF84F24A97E44008855CD /* Frameworks */,
				653FF85024A97E44008855CD /* Resources */,
				200DC16C62CF6CE321EE4FED /* [CP] Embed Pods Frameworks */,
			);
			buildRules = (
			);
			dependencies = (
				653FF85424A97E44008855CD /* PBXTargetDependency */,
			);
			name = atlasUITests;
			productName = atlasUITests;
			productReference = 653FF85224A97E44008855CD /* atlasUITests.xctest */;
			productType = "com.apple.product-type.bundle.ui-testing";
		};
/* End PBXNativeTarget section */

/* Begin PBXProject section */
		653FF82924A97E42008855CD /* Project object */ = {
			isa = PBXProject;
			attributes = {
				LastSwiftUpdateCheck = 1150;
				LastUpgradeCheck = 1150;
				ORGANIZATIONNAME = cuHacking;
				TargetAttributes = {
					653FF83024A97E42008855CD = {
						CreatedOnToolsVersion = 11.5;
					};
					653FF84624A97E44008855CD = {
						CreatedOnToolsVersion = 11.5;
						TestTargetID = 653FF83024A97E42008855CD;
					};
					653FF85124A97E44008855CD = {
						CreatedOnToolsVersion = 11.5;
						TestTargetID = 653FF83024A97E42008855CD;
					};
				};
			};
			buildConfigurationList = 653FF82C24A97E42008855CD /* Build configuration list for PBXProject "atlas" */;
			compatibilityVersion = "Xcode 9.3";
			developmentRegion = en;
			hasScannedForEncodings = 0;
			knownRegions = (
				en,
				Base,
			);
			mainGroup = 653FF82824A97E42008855CD;
			productRefGroup = 653FF83224A97E42008855CD /* Products */;
			projectDirPath = "";
			projectRoot = "";
			targets = (
				653FF83024A97E42008855CD /* atlas */,
				653FF84624A97E44008855CD /* atlasTests */,
				653FF85124A97E44008855CD /* atlasUITests */,
			);
		};
/* End PBXProject section */

/* Begin PBXResourcesBuildPhase section */
		653FF82F24A97E42008855CD /* Resources */ = {
			isa = PBXResourcesBuildPhase;
			buildActionMask = 2147483647;
			files = (
				BE7A35F1254F9E2700A5F609 /* mapbox in Resources */,
				653FF84124A97E44008855CD /* LaunchScreen.storyboard in Resources */,
				653FF83E24A97E44008855CD /* Preview Assets.xcassets in Resources */,
				653FF83B24A97E44008855CD /* Assets.xcassets in Resources */,
				BE7A35EC254F9E1B00A5F609 /* common in Resources */,
			);
			runOnlyForDeploymentPostprocessing = 0;
		};
		653FF84524A97E44008855CD /* Resources */ = {
			isa = PBXResourcesBuildPhase;
			buildActionMask = 2147483647;
			files = (
			);
			runOnlyForDeploymentPostprocessing = 0;
		};
		653FF85024A97E44008855CD /* Resources */ = {
			isa = PBXResourcesBuildPhase;
			buildActionMask = 2147483647;
			files = (
			);
			runOnlyForDeploymentPostprocessing = 0;
		};
/* End PBXResourcesBuildPhase section */

/* Begin PBXShellScriptBuildPhase section */
		200DC16C62CF6CE321EE4FED /* [CP] Embed Pods Frameworks */ = {
			isa = PBXShellScriptBuildPhase;
			buildActionMask = 2147483647;
			files = (
			);
			inputFileListPaths = (
				"${PODS_ROOT}/Target Support Files/Pods-atlas-atlasUITests/Pods-atlas-atlasUITests-frameworks-${CONFIGURATION}-input-files.xcfilelist",
			);
			name = "[CP] Embed Pods Frameworks";
			outputFileListPaths = (
				"${PODS_ROOT}/Target Support Files/Pods-atlas-atlasUITests/Pods-atlas-atlasUITests-frameworks-${CONFIGURATION}-output-files.xcfilelist",
			);
			runOnlyForDeploymentPostprocessing = 0;
			shellPath = /bin/sh;
			shellScript = "\"${PODS_ROOT}/Target Support Files/Pods-atlas-atlasUITests/Pods-atlas-atlasUITests-frameworks.sh\"\n";
			showEnvVarsInLog = 0;
		};
		2073199DA1307294CCDD01D4 /* [CP] Check Pods Manifest.lock */ = {
			isa = PBXShellScriptBuildPhase;
			buildActionMask = 2147483647;
			files = (
			);
			inputFileListPaths = (
			);
			inputPaths = (
				"${PODS_PODFILE_DIR_PATH}/Podfile.lock",
				"${PODS_ROOT}/Manifest.lock",
			);
			name = "[CP] Check Pods Manifest.lock";
			outputFileListPaths = (
			);
			outputPaths = (
				"$(DERIVED_FILE_DIR)/Pods-atlasTests-checkManifestLockResult.txt",
			);
			runOnlyForDeploymentPostprocessing = 0;
			shellPath = /bin/sh;
			shellScript = "diff \"${PODS_PODFILE_DIR_PATH}/Podfile.lock\" \"${PODS_ROOT}/Manifest.lock\" > /dev/null\nif [ $? != 0 ] ; then\n    # print error to STDERR\n    echo \"error: The sandbox is not in sync with the Podfile.lock. Run 'pod install' or update your CocoaPods installation.\" >&2\n    exit 1\nfi\n# This output is used by Xcode 'outputs' to avoid re-running this script phase.\necho \"SUCCESS\" > \"${SCRIPT_OUTPUT_FILE_0}\"\n";
			showEnvVarsInLog = 0;
		};
		4057EE7862A0485641E64A01 /* [CP] Check Pods Manifest.lock */ = {
			isa = PBXShellScriptBuildPhase;
			buildActionMask = 2147483647;
			files = (
			);
			inputFileListPaths = (
			);
			inputPaths = (
				"${PODS_PODFILE_DIR_PATH}/Podfile.lock",
				"${PODS_ROOT}/Manifest.lock",
			);
			name = "[CP] Check Pods Manifest.lock";
			outputFileListPaths = (
			);
			outputPaths = (
				"$(DERIVED_FILE_DIR)/Pods-atlas-atlasUITests-checkManifestLockResult.txt",
			);
			runOnlyForDeploymentPostprocessing = 0;
			shellPath = /bin/sh;
			shellScript = "diff \"${PODS_PODFILE_DIR_PATH}/Podfile.lock\" \"${PODS_ROOT}/Manifest.lock\" > /dev/null\nif [ $? != 0 ] ; then\n    # print error to STDERR\n    echo \"error: The sandbox is not in sync with the Podfile.lock. Run 'pod install' or update your CocoaPods installation.\" >&2\n    exit 1\nfi\n# This output is used by Xcode 'outputs' to avoid re-running this script phase.\necho \"SUCCESS\" > \"${SCRIPT_OUTPUT_FILE_0}\"\n";
			showEnvVarsInLog = 0;
		};
		A9748F42B47E3EC0C9A76D89 /* [CP] Check Pods Manifest.lock */ = {
			isa = PBXShellScriptBuildPhase;
			buildActionMask = 2147483647;
			files = (
			);
			inputFileListPaths = (
			);
			inputPaths = (
				"${PODS_PODFILE_DIR_PATH}/Podfile.lock",
				"${PODS_ROOT}/Manifest.lock",
			);
			name = "[CP] Check Pods Manifest.lock";
			outputFileListPaths = (
			);
			outputPaths = (
				"$(DERIVED_FILE_DIR)/Pods-atlas-checkManifestLockResult.txt",
			);
			runOnlyForDeploymentPostprocessing = 0;
			shellPath = /bin/sh;
			shellScript = "diff \"${PODS_PODFILE_DIR_PATH}/Podfile.lock\" \"${PODS_ROOT}/Manifest.lock\" > /dev/null\nif [ $? != 0 ] ; then\n    # print error to STDERR\n    echo \"error: The sandbox is not in sync with the Podfile.lock. Run 'pod install' or update your CocoaPods installation.\" >&2\n    exit 1\nfi\n# This output is used by Xcode 'outputs' to avoid re-running this script phase.\necho \"SUCCESS\" > \"${SCRIPT_OUTPUT_FILE_0}\"\n";
			showEnvVarsInLog = 0;
		};
		F68E6D6758452F9477D37C5D /* [CP] Embed Pods Frameworks */ = {
			isa = PBXShellScriptBuildPhase;
			buildActionMask = 2147483647;
			files = (
			);
			inputFileListPaths = (
				"${PODS_ROOT}/Target Support Files/Pods-atlas/Pods-atlas-frameworks-${CONFIGURATION}-input-files.xcfilelist",
			);
			name = "[CP] Embed Pods Frameworks";
			outputFileListPaths = (
				"${PODS_ROOT}/Target Support Files/Pods-atlas/Pods-atlas-frameworks-${CONFIGURATION}-output-files.xcfilelist",
			);
			runOnlyForDeploymentPostprocessing = 0;
			shellPath = /bin/sh;
			shellScript = "\"${PODS_ROOT}/Target Support Files/Pods-atlas/Pods-atlas-frameworks.sh\"\n";
			showEnvVarsInLog = 0;
		};
/* End PBXShellScriptBuildPhase section */

/* Begin PBXSourcesBuildPhase section */
		653FF82D24A97E42008855CD /* Sources */ = {
			isa = PBXSourcesBuildPhase;
			buildActionMask = 2147483647;
			files = (
				653FF83524A97E42008855CD /* AppDelegate.swift in Sources */,
				BE27ABA4250692E200F4D63B /* MapView.swift in Sources */,
				653FF83724A97E42008855CD /* SceneDelegate.swift in Sources */,
				653FF83924A97E42008855CD /* ContentView.swift in Sources */,
			);
			runOnlyForDeploymentPostprocessing = 0;
		};
		653FF84324A97E44008855CD /* Sources */ = {
			isa = PBXSourcesBuildPhase;
			buildActionMask = 2147483647;
			files = (
				653FF84C24A97E44008855CD /* atlasTests.swift in Sources */,
			);
			runOnlyForDeploymentPostprocessing = 0;
		};
		653FF84E24A97E44008855CD /* Sources */ = {
			isa = PBXSourcesBuildPhase;
			buildActionMask = 2147483647;
			files = (
				653FF85724A97E44008855CD /* atlasUITests.swift in Sources */,
			);
			runOnlyForDeploymentPostprocessing = 0;
		};
/* End PBXSourcesBuildPhase section */

/* Begin PBXTargetDependency section */
		653FF84924A97E44008855CD /* PBXTargetDependency */ = {
			isa = PBXTargetDependency;
			target = 653FF83024A97E42008855CD /* atlas */;
			targetProxy = 653FF84824A97E44008855CD /* PBXContainerItemProxy */;
		};
		653FF85424A97E44008855CD /* PBXTargetDependency */ = {
			isa = PBXTargetDependency;
			target = 653FF83024A97E42008855CD /* atlas */;
			targetProxy = 653FF85324A97E44008855CD /* PBXContainerItemProxy */;
		};
/* End PBXTargetDependency section */

/* Begin PBXVariantGroup section */
		653FF83F24A97E44008855CD /* LaunchScreen.storyboard */ = {
			isa = PBXVariantGroup;
			children = (
				653FF84024A97E44008855CD /* Base */,
			);
			name = LaunchScreen.storyboard;
			sourceTree = "<group>";
		};
/* End PBXVariantGroup section */

/* Begin XCBuildConfiguration section */
		653FF85924A97E44008855CD /* Debug */ = {
			isa = XCBuildConfiguration;
			buildSettings = {
				ALWAYS_SEARCH_USER_PATHS = NO;
				CLANG_ANALYZER_NONNULL = YES;
				CLANG_ANALYZER_NUMBER_OBJECT_CONVERSION = YES_AGGRESSIVE;
				CLANG_CXX_LANGUAGE_STANDARD = "gnu++14";
				CLANG_CXX_LIBRARY = "libc++";
				CLANG_ENABLE_MODULES = YES;
				CLANG_ENABLE_OBJC_ARC = YES;
				CLANG_ENABLE_OBJC_WEAK = YES;
				CLANG_WARN_BLOCK_CAPTURE_AUTORELEASING = YES;
				CLANG_WARN_BOOL_CONVERSION = YES;
				CLANG_WARN_COMMA = YES;
				CLANG_WARN_CONSTANT_CONVERSION = YES;
				CLANG_WARN_DEPRECATED_OBJC_IMPLEMENTATIONS = YES;
				CLANG_WARN_DIRECT_OBJC_ISA_USAGE = YES_ERROR;
				CLANG_WARN_DOCUMENTATION_COMMENTS = YES;
				CLANG_WARN_EMPTY_BODY = YES;
				CLANG_WARN_ENUM_CONVERSION = YES;
				CLANG_WARN_INFINITE_RECURSION = YES;
				CLANG_WARN_INT_CONVERSION = YES;
				CLANG_WARN_NON_LITERAL_NULL_CONVERSION = YES;
				CLANG_WARN_OBJC_IMPLICIT_RETAIN_SELF = YES;
				CLANG_WARN_OBJC_LITERAL_CONVERSION = YES;
				CLANG_WARN_OBJC_ROOT_CLASS = YES_ERROR;
				CLANG_WARN_RANGE_LOOP_ANALYSIS = YES;
				CLANG_WARN_STRICT_PROTOTYPES = YES;
				CLANG_WARN_SUSPICIOUS_MOVE = YES;
				CLANG_WARN_UNGUARDED_AVAILABILITY = YES_AGGRESSIVE;
				CLANG_WARN_UNREACHABLE_CODE = YES;
				CLANG_WARN__DUPLICATE_METHOD_MATCH = YES;
				COPY_PHASE_STRIP = NO;
				DEBUG_INFORMATION_FORMAT = dwarf;
				DEVELOPMENT_TEAM = DQUXFV27ST;
				ENABLE_STRICT_OBJC_MSGSEND = YES;
				ENABLE_TESTABILITY = YES;
				GCC_C_LANGUAGE_STANDARD = gnu11;
				GCC_DYNAMIC_NO_PIC = NO;
				GCC_NO_COMMON_BLOCKS = YES;
				GCC_OPTIMIZATION_LEVEL = 0;
				GCC_PREPROCESSOR_DEFINITIONS = (
					"DEBUG=1",
					"$(inherited)",
				);
				GCC_WARN_64_TO_32_BIT_CONVERSION = YES;
				GCC_WARN_ABOUT_RETURN_TYPE = YES_ERROR;
				GCC_WARN_UNDECLARED_SELECTOR = YES;
				GCC_WARN_UNINITIALIZED_AUTOS = YES_AGGRESSIVE;
				GCC_WARN_UNUSED_FUNCTION = YES;
				GCC_WARN_UNUSED_VARIABLE = YES;
				IPHONEOS_DEPLOYMENT_TARGET = 13.5;
				MTL_ENABLE_DEBUG_INFO = INCLUDE_SOURCE;
				MTL_FAST_MATH = YES;
				ONLY_ACTIVE_ARCH = YES;
				SDKROOT = iphoneos;
				SWIFT_ACTIVE_COMPILATION_CONDITIONS = DEBUG;
				SWIFT_OPTIMIZATION_LEVEL = "-Onone";
			};
			name = Debug;
		};
		653FF85A24A97E44008855CD /* Release */ = {
			isa = XCBuildConfiguration;
			buildSettings = {
				ALWAYS_SEARCH_USER_PATHS = NO;
				CLANG_ANALYZER_NONNULL = YES;
				CLANG_ANALYZER_NUMBER_OBJECT_CONVERSION = YES_AGGRESSIVE;
				CLANG_CXX_LANGUAGE_STANDARD = "gnu++14";
				CLANG_CXX_LIBRARY = "libc++";
				CLANG_ENABLE_MODULES = YES;
				CLANG_ENABLE_OBJC_ARC = YES;
				CLANG_ENABLE_OBJC_WEAK = YES;
				CLANG_WARN_BLOCK_CAPTURE_AUTORELEASING = YES;
				CLANG_WARN_BOOL_CONVERSION = YES;
				CLANG_WARN_COMMA = YES;
				CLANG_WARN_CONSTANT_CONVERSION = YES;
				CLANG_WARN_DEPRECATED_OBJC_IMPLEMENTATIONS = YES;
				CLANG_WARN_DIRECT_OBJC_ISA_USAGE = YES_ERROR;
				CLANG_WARN_DOCUMENTATION_COMMENTS = YES;
				CLANG_WARN_EMPTY_BODY = YES;
				CLANG_WARN_ENUM_CONVERSION = YES;
				CLANG_WARN_INFINITE_RECURSION = YES;
				CLANG_WARN_INT_CONVERSION = YES;
				CLANG_WARN_NON_LITERAL_NULL_CONVERSION = YES;
				CLANG_WARN_OBJC_IMPLICIT_RETAIN_SELF = YES;
				CLANG_WARN_OBJC_LITERAL_CONVERSION = YES;
				CLANG_WARN_OBJC_ROOT_CLASS = YES_ERROR;
				CLANG_WARN_RANGE_LOOP_ANALYSIS = YES;
				CLANG_WARN_STRICT_PROTOTYPES = YES;
				CLANG_WARN_SUSPICIOUS_MOVE = YES;
				CLANG_WARN_UNGUARDED_AVAILABILITY = YES_AGGRESSIVE;
				CLANG_WARN_UNREACHABLE_CODE = YES;
				CLANG_WARN__DUPLICATE_METHOD_MATCH = YES;
				COPY_PHASE_STRIP = NO;
				DEBUG_INFORMATION_FORMAT = "dwarf-with-dsym";
				DEVELOPMENT_TEAM = DQUXFV27ST;
				ENABLE_NS_ASSERTIONS = NO;
				ENABLE_STRICT_OBJC_MSGSEND = YES;
				GCC_C_LANGUAGE_STANDARD = gnu11;
				GCC_NO_COMMON_BLOCKS = YES;
				GCC_WARN_64_TO_32_BIT_CONVERSION = YES;
				GCC_WARN_ABOUT_RETURN_TYPE = YES_ERROR;
				GCC_WARN_UNDECLARED_SELECTOR = YES;
				GCC_WARN_UNINITIALIZED_AUTOS = YES_AGGRESSIVE;
				GCC_WARN_UNUSED_FUNCTION = YES;
				GCC_WARN_UNUSED_VARIABLE = YES;
				IPHONEOS_DEPLOYMENT_TARGET = 13.5;
				MTL_ENABLE_DEBUG_INFO = NO;
				MTL_FAST_MATH = YES;
				SDKROOT = iphoneos;
				SWIFT_COMPILATION_MODE = wholemodule;
				SWIFT_OPTIMIZATION_LEVEL = "-O";
				VALIDATE_PRODUCT = YES;
			};
			name = Release;
		};
		653FF85C24A97E44008855CD /* Debug */ = {
			isa = XCBuildConfiguration;
			baseConfigurationReference = E83BD93F2A9F2B80DF4FB90F /* Pods-atlas.debug.xcconfig */;
			buildSettings = {
				ASSETCATALOG_COMPILER_APPICON_NAME = AppIcon;
				CODE_SIGN_STYLE = Automatic;
				DEVELOPMENT_ASSET_PATHS = "\"atlas/Preview Content\"";
				ENABLE_PREVIEWS = YES;
				FRAMEWORK_SEARCH_PATHS = "$(inherited)";
				INFOPLIST_FILE = atlas/Info.plist;
				LD_RUNPATH_SEARCH_PATHS = (
					"$(inherited)",
					"@executable_path/Frameworks",
				);
				PRODUCT_BUNDLE_IDENTIFIER = com.cuhacking.atlas;
				PRODUCT_NAME = "$(TARGET_NAME)";
				SWIFT_VERSION = 5.0;
				TARGETED_DEVICE_FAMILY = "1,2";
			};
			name = Debug;
		};
		653FF85D24A97E44008855CD /* Release */ = {
			isa = XCBuildConfiguration;
			baseConfigurationReference = 9D174C605E6268E6560427A4 /* Pods-atlas.release.xcconfig */;
			buildSettings = {
				ASSETCATALOG_COMPILER_APPICON_NAME = AppIcon;
				CODE_SIGN_STYLE = Automatic;
				DEVELOPMENT_ASSET_PATHS = "\"atlas/Preview Content\"";
				ENABLE_PREVIEWS = YES;
				FRAMEWORK_SEARCH_PATHS = "$(inherited)";
				INFOPLIST_FILE = atlas/Info.plist;
				LD_RUNPATH_SEARCH_PATHS = (
					"$(inherited)",
					"@executable_path/Frameworks",
				);
				PRODUCT_BUNDLE_IDENTIFIER = com.cuhacking.atlas;
				PRODUCT_NAME = "$(TARGET_NAME)";
				SWIFT_VERSION = 5.0;
				TARGETED_DEVICE_FAMILY = "1,2";
			};
			name = Release;
		};
		653FF85F24A97E44008855CD /* Debug */ = {
			isa = XCBuildConfiguration;
			baseConfigurationReference = 18FC94EF0DC3459B106397D3 /* Pods-atlasTests.debug.xcconfig */;
			buildSettings = {
				ALWAYS_EMBED_SWIFT_STANDARD_LIBRARIES = YES;
				BUNDLE_LOADER = "$(TEST_HOST)";
				CODE_SIGN_STYLE = Automatic;
				INFOPLIST_FILE = atlasTests/Info.plist;
				IPHONEOS_DEPLOYMENT_TARGET = 13.5;
				LD_RUNPATH_SEARCH_PATHS = (
					"$(inherited)",
					"@executable_path/Frameworks",
					"@loader_path/Frameworks",
				);
				PRODUCT_BUNDLE_IDENTIFIER = com.cuhacking.atlasTests;
				PRODUCT_NAME = "$(TARGET_NAME)";
				SWIFT_VERSION = 5.0;
				TARGETED_DEVICE_FAMILY = "1,2";
				TEST_HOST = "$(BUILT_PRODUCTS_DIR)/atlas.app/atlas";
			};
			name = Debug;
		};
		653FF86024A97E44008855CD /* Release */ = {
			isa = XCBuildConfiguration;
			baseConfigurationReference = 376F03BD03092B9E19E8E240 /* Pods-atlasTests.release.xcconfig */;
			buildSettings = {
				ALWAYS_EMBED_SWIFT_STANDARD_LIBRARIES = YES;
				BUNDLE_LOADER = "$(TEST_HOST)";
				CODE_SIGN_STYLE = Automatic;
				INFOPLIST_FILE = atlasTests/Info.plist;
				IPHONEOS_DEPLOYMENT_TARGET = 13.5;
				LD_RUNPATH_SEARCH_PATHS = (
					"$(inherited)",
					"@executable_path/Frameworks",
					"@loader_path/Frameworks",
				);
				PRODUCT_BUNDLE_IDENTIFIER = com.cuhacking.atlasTests;
				PRODUCT_NAME = "$(TARGET_NAME)";
				SWIFT_VERSION = 5.0;
				TARGETED_DEVICE_FAMILY = "1,2";
				TEST_HOST = "$(BUILT_PRODUCTS_DIR)/atlas.app/atlas";
			};
			name = Release;
		};
		653FF86224A97E44008855CD /* Debug */ = {
			isa = XCBuildConfiguration;
			baseConfigurationReference = B6C9766A60E0E2F16A558C07 /* Pods-atlas-atlasUITests.debug.xcconfig */;
			buildSettings = {
				ALWAYS_EMBED_SWIFT_STANDARD_LIBRARIES = YES;
				CODE_SIGN_STYLE = Automatic;
				INFOPLIST_FILE = atlasUITests/Info.plist;
				LD_RUNPATH_SEARCH_PATHS = (
					"$(inherited)",
					"@executable_path/Frameworks",
					"@loader_path/Frameworks",
				);
				PRODUCT_BUNDLE_IDENTIFIER = com.cuhacking.atlasUITests;
				PRODUCT_NAME = "$(TARGET_NAME)";
				SWIFT_VERSION = 5.0;
				TARGETED_DEVICE_FAMILY = "1,2";
				TEST_TARGET_NAME = atlas;
			};
			name = Debug;
		};
		653FF86324A97E44008855CD /* Release */ = {
			isa = XCBuildConfiguration;
			baseConfigurationReference = BCCD224271681829C4DA6551 /* Pods-atlas-atlasUITests.release.xcconfig */;
			buildSettings = {
				ALWAYS_EMBED_SWIFT_STANDARD_LIBRARIES = YES;
				CODE_SIGN_STYLE = Automatic;
				INFOPLIST_FILE = atlasUITests/Info.plist;
				LD_RUNPATH_SEARCH_PATHS = (
					"$(inherited)",
					"@executable_path/Frameworks",
					"@loader_path/Frameworks",
				);
				PRODUCT_BUNDLE_IDENTIFIER = com.cuhacking.atlasUITests;
				PRODUCT_NAME = "$(TARGET_NAME)";
				SWIFT_VERSION = 5.0;
				TARGETED_DEVICE_FAMILY = "1,2";
				TEST_TARGET_NAME = atlas;
			};
			name = Release;
		};
/* End XCBuildConfiguration section */

/* Begin XCConfigurationList section */
		653FF82C24A97E42008855CD /* Build configuration list for PBXProject "atlas" */ = {
			isa = XCConfigurationList;
			buildConfigurations = (
				653FF85924A97E44008855CD /* Debug */,
				653FF85A24A97E44008855CD /* Release */,
			);
			defaultConfigurationIsVisible = 0;
			defaultConfigurationName = Release;
		};
		653FF85B24A97E44008855CD /* Build configuration list for PBXNativeTarget "atlas" */ = {
			isa = XCConfigurationList;
			buildConfigurations = (
				653FF85C24A97E44008855CD /* Debug */,
				653FF85D24A97E44008855CD /* Release */,
			);
			defaultConfigurationIsVisible = 0;
			defaultConfigurationName = Release;
		};
		653FF85E24A97E44008855CD /* Build configuration list for PBXNativeTarget "atlasTests" */ = {
			isa = XCConfigurationList;
			buildConfigurations = (
				653FF85F24A97E44008855CD /* Debug */,
				653FF86024A97E44008855CD /* Release */,
			);
			defaultConfigurationIsVisible = 0;
			defaultConfigurationName = Release;
		};
		653FF86124A97E44008855CD /* Build configuration list for PBXNativeTarget "atlasUITests" */ = {
			isa = XCConfigurationList;
			buildConfigurations = (
				653FF86224A97E44008855CD /* Debug */,
				653FF86324A97E44008855CD /* Release */,
			);
			defaultConfigurationIsVisible = 0;
			defaultConfigurationName = Release;
		};
/* End XCConfigurationList section */
	};
	rootObject = 653FF82924A97E42008855CD /* Project object */;
}
