PODS:
  - common (1.0):
    - Mapbox-iOS-SDK (~> 5.9)
  - Mapbox-iOS-SDK (5.9.0):
    - MapboxMobileEvents (= 0.10.2)
  - MapboxMobileEvents (0.10.2)

DEPENDENCIES:
  - common (from `../common`)
  - Mapbox-iOS-SDK (~> 5.9)

SPEC REPOS:
  trunk:
    - Mapbox-iOS-SDK
    - MapboxMobileEvents

EXTERNAL SOURCES:
  common:
    :path: "../common"

SPEC CHECKSUMS:
  common: 3559f02e1d4b88520feddc86f96f499d8cb89c73
  Mapbox-iOS-SDK: a5915700ec84bc1a7f8b3e746d474789e35b7956
  MapboxMobileEvents: 2bc0ca2eedb627b73cf403258dce2b2fa98074a6

PODFILE CHECKSUM: 7f8d08d87d4c4c65fc1d6f07b370f5f64e923247

COCOAPODS: 1.10.1
