PODS:
  - common (1.0):
    - Mapbox-iOS-SDK (~> 6.3.0)
  - Mapbox-iOS-SDK (6.3.0):
    - MapboxMobileEvents (~> 0.10.4)
  - MapboxMobileEvents (0.10.8)

DEPENDENCIES:
  - common (from `../common`)
  - Mapbox-iOS-SDK (~> 6.3.0)

SPEC REPOS:
  trunk:
    - Mapbox-iOS-SDK
    - MapboxMobileEvents

EXTERNAL SOURCES:
  common:
    :path: "../common"

SPEC CHECKSUMS:
  common: 67ffd16b7b6b0d0e65157b67b883b782bc557c52
  Mapbox-iOS-SDK: 2563ed87ead6ec08f1c2090873977b8a7be335a8
  MapboxMobileEvents: 36ff53b135aac486eed94b61f813c7967a0c2c6f

PODFILE CHECKSUM: c15a26a9b78202b85394cd0bff0d4f468d419b48

COCOAPODS: 1.10.1
